// !$*UTF8*$!
{
	archiveVersion = 1;
	classes = {
	};
	objectVersion = 46;
	objects = {

/* Begin PBXBuildFile section */
		8A49C39C1AEFF1CF0085BAF4 /* Social.framework in Frameworks */ = {isa = PBXBuildFile; fileRef = 8A49C39B1AEFF1CF0085BAF4 /* Social.framework */; };
		8A49C39F1AEFF2F30085BAF4 /* ComicViewController.m in Sources */ = {isa = PBXBuildFile; fileRef = 8A49C39E1AEFF2F30085BAF4 /* ComicViewController.m */; };
		8A49C3A11AEFF5810085BAF4 /* Sun Explode?.png in Resources */ = {isa = PBXBuildFile; fileRef = 8A49C3A01AEFF5810085BAF4 /* Sun Explode?.png */; };
		8A65DBC31AEEB7870075047E /* main.m in Sources */ = {isa = PBXBuildFile; fileRef = 8A65DBC21AEEB7870075047E /* main.m */; };
		8A65DBC61AEEB7870075047E /* AppDelegate.m in Sources */ = {isa = PBXBuildFile; fileRef = 8A65DBC51AEEB7870075047E /* AppDelegate.m */; };
		8A65DBC91AEEB7870075047E /* ViewController.m in Sources */ = {isa = PBXBuildFile; fileRef = 8A65DBC81AEEB7870075047E /* ViewController.m */; };
		8A65DBCC1AEEB7870075047E /* Main.storyboard in Resources */ = {isa = PBXBuildFile; fileRef = 8A65DBCA1AEEB7870075047E /* Main.storyboard */; };
		8A65DBCE1AEEB7880075047E /* Images.xcassets in Resources */ = {isa = PBXBuildFile; fileRef = 8A65DBCD1AEEB7880075047E /* Images.xcassets */; };
		8A65DBD11AEEB7880075047E /* LaunchScreen.xib in Resources */ = {isa = PBXBuildFile; fileRef = 8A65DBCF1AEEB7880075047E /* LaunchScreen.xib */; };
		8A65DBDD1AEEB7890075047E /* WillTheSunExplodeTests.m in Sources */ = {isa = PBXBuildFile; fileRef = 8A65DBDC1AEEB7890075047E /* WillTheSunExplodeTests.m */; };
		8A65DBE71AEEB8B80075047E /* CheapPotatoes.ttf in Resources */ = {isa = PBXBuildFile; fileRef = 8A65DBE61AEEB8B80075047E /* CheapPotatoes.ttf */; };
/* End PBXBuildFile section */

/* Begin PBXContainerItemProxy section */
		8A65DBD71AEEB7890075047E /* PBXContainerItemProxy */ = {
			isa = PBXContainerItemProxy;
			containerPortal = 8A65DBB51AEEB7870075047E /* Project object */;
			proxyType = 1;
			remoteGlobalIDString = 8A65DBBC1AEEB7870075047E;
			remoteInfo = WillTheSunExplode;
		};
/* End PBXContainerItemProxy section */

/* Begin PBXFileReference section */
		8A49C39B1AEFF1CF0085BAF4 /* Social.framework */ = {isa = PBXFileReference; lastKnownFileType = wrapper.framework; name = Social.framework; path = System/Library/Frameworks/Social.framework; sourceTree = SDKROOT; };
		8A49C39D1AEFF2F30085BAF4 /* ComicViewController.h */ = {isa = PBXFileReference; fileEncoding = 4; lastKnownFileType = sourcecode.c.h; path = ComicViewController.h; sourceTree = "<group>"; };
		8A49C39E1AEFF2F30085BAF4 /* ComicViewController.m */ = {isa = PBXFileReference; fileEncoding = 4; lastKnownFileType = sourcecode.c.objc; path = ComicViewController.m; sourceTree = "<group>"; };
		8A49C3A01AEFF5810085BAF4 /* Sun Explode?.png */ = {isa = PBXFileReference; lastKnownFileType = image.png; path = "Sun Explode?.png"; sourceTree = "<group>"; };
		8A65DBBD1AEEB7870075047E /* WillTheSunExplode.app */ = {isa = PBXFileReference; explicitFileType = wrapper.application; includeInIndex = 0; path = WillTheSunExplode.app; sourceTree = BUILT_PRODUCTS_DIR; };
		8A65DBC11AEEB7870075047E /* Info.plist */ = {isa = PBXFileReference; lastKnownFileType = text.plist.xml; path = Info.plist; sourceTree = "<group>"; };
		8A65DBC21AEEB7870075047E /* main.m */ = {isa = PBXFileReference; lastKnownFileType = sourcecode.c.objc; path = main.m; sourceTree = "<group>"; };
		8A65DBC41AEEB7870075047E /* AppDelegate.h */ = {isa = PBXFileReference; lastKnownFileType = sourcecode.c.h; path = AppDelegate.h; sourceTree = "<group>"; };
		8A65DBC51AEEB7870075047E /* AppDelegate.m */ = {isa = PBXFileReference; lastKnownFileType = sourcecode.c.objc; path = AppDelegate.m; sourceTree = "<group>"; };
		8A65DBC71AEEB7870075047E /* ViewController.h */ = {isa = PBXFileReference; lastKnownFileType = sourcecode.c.h; path = ViewController.h; sourceTree = "<group>"; };
		8A65DBC81AEEB7870075047E /* ViewController.m */ = {isa = PBXFileReference; lastKnownFileType = sourcecode.c.objc; path = ViewController.m; sourceTree = "<group>"; };
		8A65DBCB1AEEB7870075047E /* Base */ = {isa = PBXFileReference; lastKnownFileType = file.storyboard; name = Base; path = Base.lproj/Main.storyboard; sourceTree = "<group>"; };
		8A65DBCD1AEEB7880075047E /* Images.xcassets */ = {isa = PBXFileReference; lastKnownFileType = folder.assetcatalog; path = Images.xcassets; sourceTree = "<group>"; };
		8A65DBD01AEEB7880075047E /* Base */ = {isa = PBXFileReference; lastKnownFileType = file.xib; name = Base; path = Base.lproj/LaunchScreen.xib; sourceTree = "<group>"; };
		8A65DBD61AEEB7890075047E /* WillTheSunExplodeTests.xctest */ = {isa = PBXFileReference; explicitFileType = wrapper.cfbundle; includeInIndex = 0; path = WillTheSunExplodeTests.xctest; sourceTree = BUILT_PRODUCTS_DIR; };
		8A65DBDB1AEEB7890075047E /* Info.plist */ = {isa = PBXFileReference; lastKnownFileType = text.plist.xml; path = Info.plist; sourceTree = "<group>"; };
		8A65DBDC1AEEB7890075047E /* WillTheSunExplodeTests.m */ = {isa = PBXFileReference; lastKnownFileType = sourcecode.c.objc; path = WillTheSunExplodeTests.m; sourceTree = "<group>"; };
		8A65DBE61AEEB8B80075047E /* CheapPotatoes.ttf */ = {isa = PBXFileReference; lastKnownFileType = file; path = CheapPotatoes.ttf; sourceTree = "<group>"; };
/* End PBXFileReference section */

/* Begin PBXFrameworksBuildPhase section */
		8A65DBBA1AEEB7870075047E /* Frameworks */ = {
			isa = PBXFrameworksBuildPhase;
			buildActionMask = 2147483647;
			files = (
				8A49C39C1AEFF1CF0085BAF4 /* Social.framework in Frameworks */,
			);
			runOnlyForDeploymentPostprocessing = 0;
		};
		8A65DBD31AEEB7890075047E /* Frameworks */ = {
			isa = PBXFrameworksBuildPhase;
			buildActionMask = 2147483647;
			files = (
			);
			runOnlyForDeploymentPostprocessing = 0;
		};
/* End PBXFrameworksBuildPhase section */

/* Begin PBXGroup section */
		8A65DBB41AEEB7870075047E = {
			isa = PBXGroup;
			children = (
				8A49C39B1AEFF1CF0085BAF4 /* Social.framework */,
				8A65DBBF1AEEB7870075047E /* WillTheSunExplode */,
				8A65DBD91AEEB7890075047E /* WillTheSunExplodeTests */,
				8A65DBBE1AEEB7870075047E /* Products */,
			);
			sourceTree = "<group>";
		};
		8A65DBBE1AEEB7870075047E /* Products */ = {
			isa = PBXGroup;
			children = (
				8A65DBBD1AEEB7870075047E /* WillTheSunExplode.app */,
				8A65DBD61AEEB7890075047E /* WillTheSunExplodeTests.xctest */,
			);
			name = Products;
			sourceTree = "<group>";
		};
		8A65DBBF1AEEB7870075047E /* WillTheSunExplode */ = {
			isa = PBXGroup;
			children = (
				8A65DBE61AEEB8B80075047E /* CheapPotatoes.ttf */,
				8A65DBC41AEEB7870075047E /* AppDelegate.h */,
				8A65DBC51AEEB7870075047E /* AppDelegate.m */,
				8A65DBC71AEEB7870075047E /* ViewController.h */,
				8A65DBC81AEEB7870075047E /* ViewController.m */,
				8A65DBCA1AEEB7870075047E /* Main.storyboard */,
				8A49C39D1AEFF2F30085BAF4 /* ComicViewController.h */,
				8A49C39E1AEFF2F30085BAF4 /* ComicViewController.m */,
				8A65DBCD1AEEB7880075047E /* Images.xcassets */,
				8A65DBCF1AEEB7880075047E /* LaunchScreen.xib */,
				8A49C3A01AEFF5810085BAF4 /* Sun Explode?.png */,
				8A65DBC01AEEB7870075047E /* Supporting Files */,
			);
			path = WillTheSunExplode;
			sourceTree = "<group>";
		};
		8A65DBC01AEEB7870075047E /* Supporting Files */ = {
			isa = PBXGroup;
			children = (
				8A65DBC11AEEB7870075047E /* Info.plist */,
				8A65DBC21AEEB7870075047E /* main.m */,
			);
			name = "Supporting Files";
			sourceTree = "<group>";
		};
		8A65DBD91AEEB7890075047E /* WillTheSunExplodeTests */ = {
			isa = PBXGroup;
			children = (
				8A65DBDC1AEEB7890075047E /* WillTheSunExplodeTests.m */,
				8A65DBDA1AEEB7890075047E /* Supporting Files */,
			);
			path = WillTheSunExplodeTests;
			sourceTree = "<group>";
		};
		8A65DBDA1AEEB7890075047E /* Supporting Files */ = {
			isa = PBXGroup;
			children = (
				8A65DBDB1AEEB7890075047E /* Info.plist */,
			);
			name = "Supporting Files";
			sourceTree = "<group>";
		};
/* End PBXGroup section */

/* Begin PBXNativeTarget section */
		8A65DBBC1AEEB7870075047E /* WillTheSunExplode */ = {
			isa = PBXNativeTarget;
			buildConfigurationList = 8A65DBE01AEEB7890075047E /* Build configuration list for PBXNativeTarget "WillTheSunExplode" */;
			buildPhases = (
				8A65DBB91AEEB7870075047E /* Sources */,
				8A65DBBA1AEEB7870075047E /* Frameworks */,
				8A65DBBB1AEEB7870075047E /* Resources */,
			);
			buildRules = (
			);
			dependencies = (
			);
			name = WillTheSunExplode;
			productName = WillTheSunExplode;
			productReference = 8A65DBBD1AEEB7870075047E /* WillTheSunExplode.app */;
			productType = "com.apple.product-type.application";
		};
		8A65DBD51AEEB7890075047E /* WillTheSunExplodeTests */ = {
			isa = PBXNativeTarget;
			buildConfigurationList = 8A65DBE31AEEB7890075047E /* Build configuration list for PBXNativeTarget "WillTheSunExplodeTests" */;
			buildPhases = (
				8A65DBD21AEEB7890075047E /* Sources */,
				8A65DBD31AEEB7890075047E /* Frameworks */,
				8A65DBD41AEEB7890075047E /* Resources */,
			);
			buildRules = (
			);
			dependencies = (
				8A65DBD81AEEB7890075047E /* PBXTargetDependency */,
			);
			name = WillTheSunExplodeTests;
			productName = WillTheSunExplodeTests;
			productReference = 8A65DBD61AEEB7890075047E /* WillTheSunExplodeTests.xctest */;
			productType = "com.apple.product-type.bundle.unit-test";
		};
/* End PBXNativeTarget section */

/* Begin PBXProject section */
		8A65DBB51AEEB7870075047E /* Project object */ = {
			isa = PBXProject;
			attributes = {
				LastUpgradeCheck = 0630;
				ORGANIZATIONNAME = "Keaton Burleson";
				TargetAttributes = {
					8A65DBBC1AEEB7870075047E = {
						CreatedOnToolsVersion = 6.3;
						DevelopmentTeam = Z48RKT6B3T;
					};
					8A65DBD51AEEB7890075047E = {
						CreatedOnToolsVersion = 6.3;
						TestTargetID = 8A65DBBC1AEEB7870075047E;
					};
				};
			};
			buildConfigurationList = 8A65DBB81AEEB7870075047E /* Build configuration list for PBXProject "WillTheSunExplode" */;
			compatibilityVersion = "Xcode 3.2";
			developmentRegion = English;
			hasScannedForEncodings = 0;
			knownRegions = (
				en,
				Base,
			);
			mainGroup = 8A65DBB41AEEB7870075047E;
			productRefGroup = 8A65DBBE1AEEB7870075047E /* Products */;
			projectDirPath = "";
			projectRoot = "";
			targets = (
				8A65DBBC1AEEB7870075047E /* WillTheSunExplode */,
				8A65DBD51AEEB7890075047E /* WillTheSunExplodeTests */,
			);
		};
/* End PBXProject section */

/* Begin PBXResourcesBuildPhase section */
		8A65DBBB1AEEB7870075047E /* Resources */ = {
			isa = PBXResourcesBuildPhase;
			buildActionMask = 2147483647;
			files = (
				8A65DBCC1AEEB7870075047E /* Main.storyboard in Resources */,
				8A65DBE71AEEB8B80075047E /* CheapPotatoes.ttf in Resources */,
				8A49C3A11AEFF5810085BAF4 /* Sun Explode?.png in Resources */,
				8A65DBD11AEEB7880075047E /* LaunchScreen.xib in Resources */,
				8A65DBCE1AEEB7880075047E /* Images.xcassets in Resources */,
			);
			runOnlyForDeploymentPostprocessing = 0;
		};
		8A65DBD41AEEB7890075047E /* Resources */ = {
			isa = PBXResourcesBuildPhase;
			buildActionMask = 2147483647;
			files = (
			);
			runOnlyForDeploymentPostprocessing = 0;
		};
/* End PBXResourcesBuildPhase section */

/* Begin PBXSourcesBuildPhase section */
		8A65DBB91AEEB7870075047E /* Sources */ = {
			isa = PBXSourcesBuildPhase;
			buildActionMask = 2147483647;
			files = (
				8A65DBC91AEEB7870075047E /* ViewController.m in Sources */,
				8A65DBC61AEEB7870075047E /* AppDelegate.m in Sources */,
				8A49C39F1AEFF2F30085BAF4 /* ComicViewController.m in Sources */,
				8A65DBC31AEEB7870075047E /* main.m in Sources */,
			);
			runOnlyForDeploymentPostprocessing = 0;
		};
		8A65DBD21AEEB7890075047E /* Sources */ = {
			isa = PBXSourcesBuildPhase;
			buildActionMask = 2147483647;
			files = (
				8A65DBDD1AEEB7890075047E /* WillTheSunExplodeTests.m in Sources */,
			);
			runOnlyForDeploymentPostprocessing = 0;
		};
/* End PBXSourcesBuildPhase section */

/* Begin PBXTargetDependency section */
		8A65DBD81AEEB7890075047E /* PBXTargetDependency */ = {
			isa = PBXTargetDependency;
			target = 8A65DBBC1AEEB7870075047E /* WillTheSunExplode */;
			targetProxy = 8A65DBD71AEEB7890075047E /* PBXContainerItemProxy */;
		};
/* End PBXTargetDependency section */

/* Begin PBXVariantGroup section */
		8A65DBCA1AEEB7870075047E /* Main.storyboard */ = {
			isa = PBXVariantGroup;
			children = (
				8A65DBCB1AEEB7870075047E /* Base */,
			);
			name = Main.storyboard;
			sourceTree = "<group>";
		};
		8A65DBCF1AEEB7880075047E /* LaunchScreen.xib */ = {
			isa = PBXVariantGroup;
			children = (
				8A65DBD01AEEB7880075047E /* Base */,
			);
			name = LaunchScreen.xib;
			sourceTree = "<group>";
		};
/* End PBXVariantGroup section */

/* Begin XCBuildConfiguration section */
		8A65DBDE1AEEB7890075047E /* Debug */ = {
			isa = XCBuildConfiguration;
			buildSettings = {
				ALWAYS_SEARCH_USER_PATHS = NO;
				CLANG_CXX_LANGUAGE_STANDARD = "gnu++0x";
				CLANG_CXX_LIBRARY = "libc++";
				CLANG_ENABLE_MODULES = YES;
				CLANG_ENABLE_OBJC_ARC = YES;
				CLANG_WARN_BOOL_CONVERSION = YES;
				CLANG_WARN_CONSTANT_CONVERSION = YES;
				CLANG_WARN_DIRECT_OBJC_ISA_USAGE = YES_ERROR;
				CLANG_WARN_EMPTY_BODY = YES;
				CLANG_WARN_ENUM_CONVERSION = YES;
				CLANG_WARN_INT_CONVERSION = YES;
				CLANG_WARN_OBJC_ROOT_CLASS = YES_ERROR;
				CLANG_WARN_UNREACHABLE_CODE = YES;
				CLANG_WARN__DUPLICATE_METHOD_MATCH = YES;
				"CODE_SIGN_IDENTITY[sdk=iphoneos*]" = "iPhone Developer";
				COPY_PHASE_STRIP = NO;
				DEBUG_INFORMATION_FORMAT = "dwarf-with-dsym";
				ENABLE_STRICT_OBJC_MSGSEND = YES;
				GCC_C_LANGUAGE_STANDARD = gnu99;
				GCC_DYNAMIC_NO_PIC = NO;
				GCC_NO_COMMON_BLOCKS = YES;
				GCC_OPTIMIZATION_LEVEL = 0;
				GCC_PREPROCESSOR_DEFINITIONS = (
					"DEBUG=1",
					"$(inherited)",
				);
				GCC_SYMBOLS_PRIVATE_EXTERN = NO;
				GCC_WARN_64_TO_32_BIT_CONVERSION = YES;
				GCC_WARN_ABOUT_RETURN_TYPE = YES_ERROR;
				GCC_WARN_UNDECLARED_SELECTOR = YES;
				GCC_WARN_UNINITIALIZED_AUTOS = YES_AGGRESSIVE;
				GCC_WARN_UNUSED_FUNCTION = YES;
				GCC_WARN_UNUSED_VARIABLE = YES;
				IPHONEOS_DEPLOYMENT_TARGET = 8.3;
				MTL_ENABLE_DEBUG_INFO = YES;
				ONLY_ACTIVE_ARCH = YES;
				SDKROOT = iphoneos;
				TARGETED_DEVICE_FAMILY = "1,2";
			};
			name = Debug;
		};
		8A65DBDF1AEEB7890075047E /* Release */ = {
			isa = XCBuildConfiguration;
			buildSettings = {
				ALWAYS_SEARCH_USER_PATHS = NO;
				CLANG_CXX_LANGUAGE_STANDARD = "gnu++0x";
				CLANG_CXX_LIBRARY = "libc++";
				CLANG_ENABLE_MODULES = YES;
				CLANG_ENABLE_OBJC_ARC = YES;
				CLANG_WARN_BOOL_CONVERSION = YES;
				CLANG_WARN_CONSTANT_CONVERSION = YES;
				CLANG_WARN_DIRECT_OBJC_ISA_USAGE = YES_ERROR;
				CLANG_WARN_EMPTY_BODY = YES;
				CLANG_WARN_ENUM_CONVERSION = YES;
				CLANG_WARN_INT_CONVERSION = YES;
				CLANG_WARN_OBJC_ROOT_CLASS = YES_ERROR;
				CLANG_WARN_UNREACHABLE_CODE = YES;
				CLANG_WARN__DUPLICATE_METHOD_MATCH = YES;
				"CODE_SIGN_IDENTITY[sdk=iphoneos*]" = "iPhone Developer";
				COPY_PHASE_STRIP = NO;
				DEBUG_INFORMATION_FORMAT = "dwarf-with-dsym";
				ENABLE_NS_ASSERTIONS = NO;
				ENABLE_STRICT_OBJC_MSGSEND = YES;
				GCC_C_LANGUAGE_STANDARD = gnu99;
				GCC_NO_COMMON_BLOCKS = YES;
				GCC_WARN_64_TO_32_BIT_CONVERSION = YES;
				GCC_WARN_ABOUT_RETURN_TYPE = YES_ERROR;
				GCC_WARN_UNDECLARED_SELECTOR = YES;
				GCC_WARN_UNINITIALIZED_AUTOS = YES_AGGRESSIVE;
				GCC_WARN_UNUSED_FUNCTION = YES;
				GCC_WARN_UNUSED_VARIABLE = YES;
				IPHONEOS_DEPLOYMENT_TARGET = 8.3;
				MTL_ENABLE_DEBUG_INFO = NO;
				SDKROOT = iphoneos;
				TARGETED_DEVICE_FAMILY = "1,2";
				VALIDATE_PRODUCT = YES;
			};
			name = Release;
		};
		8A65DBE11AEEB7890075047E /* Debug */ = {
			isa = XCBuildConfiguration;
			buildSettings = {
				ASSETCATALOG_COMPILER_APPICON_NAME = "AppIcon-1";
				CODE_SIGN_IDENTITY = "iPhone Developer";
				INFOPLIST_FILE = WillTheSunExplode/Info.plist;
				IPHONEOS_DEPLOYMENT_TARGET = 5.1.1;
				LD_RUNPATH_SEARCH_PATHS = "$(inherited) @executable_path/Frameworks";
				PRODUCT_NAME = "$(TARGET_NAME)";
			};
			name = Debug;
		};
		8A65DBE21AEEB7890075047E /* Release */ = {
			isa = XCBuildConfiguration;
			buildSettings = {
				ASSETCATALOG_COMPILER_APPICON_NAME = "AppIcon-1";
				CODE_SIGN_IDENTITY = "iPhone Developer";
				INFOPLIST_FILE = WillTheSunExplode/Info.plist;
				IPHONEOS_DEPLOYMENT_TARGET = 5.1.1;
				LD_RUNPATH_SEARCH_PATHS = "$(inherited) @executable_path/Frameworks";
				PRODUCT_NAME = "$(TARGET_NAME)";
			};
			name = Release;
		};
		8A65DBE41AEEB7890075047E /* Debug */ = {
			isa = XCBuildConfiguration;
			buildSettings = {
				BUNDLE_LOADER = "$(TEST_HOST)";
				FRAMEWORK_SEARCH_PATHS = (
					"$(SDKROOT)/Developer/Library/Frameworks",
					"$(inherited)",
				);
				GCC_PREPROCESSOR_DEFINITIONS = (
					"DEBUG=1",
					"$(inherited)",
				);
				INFOPLIST_FILE = WillTheSunExplodeTests/Info.plist;
				LD_RUNPATH_SEARCH_PATHS = "$(inherited) @executable_path/Frameworks @loader_path/Frameworks";
				PRODUCT_NAME = "$(TARGET_NAME)";
				TEST_HOST = "$(BUILT_PRODUCTS_DIR)/WillTheSunExplode.app/WillTheSunExplode";
			};
			name = Debug;
		};
		8A65DBE51AEEB7890075047E /* Release */ = {
			isa = XCBuildConfiguration;
			buildSettings = {
				BUNDLE_LOADER = "$(TEST_HOST)";
				FRAMEWORK_SEARCH_PATHS = (
					"$(SDKROOT)/Developer/Library/Frameworks",
					"$(inherited)",
				);
				INFOPLIST_FILE = WillTheSunExplodeTests/Info.plist;
				LD_RUNPATH_SEARCH_PATHS = "$(inherited) @executable_path/Frameworks @loader_path/Frameworks";
				PRODUCT_NAME = "$(TARGET_NAME)";
				TEST_HOST = "$(BUILT_PRODUCTS_DIR)/WillTheSunExplode.app/WillTheSunExplode";
			};
			name = Release;
		};
/* End XCBuildConfiguration section */

/* Begin XCConfigurationList section */
		8A65DBB81AEEB7870075047E /* Build configuration list for PBXProject "WillTheSunExplode" */ = {
			isa = XCConfigurationList;
			buildConfigurations = (
				8A65DBDE1AEEB7890075047E /* Debug */,
				8A65DBDF1AEEB7890075047E /* Release */,
			);
			defaultConfigurationIsVisible = 0;
			defaultConfigurationName = Release;
		};
		8A65DBE01AEEB7890075047E /* Build configuration list for PBXNativeTarget "WillTheSunExplode" */ = {
			isa = XCConfigurationList;
			buildConfigurations = (
				8A65DBE11AEEB7890075047E /* Debug */,
				8A65DBE21AEEB7890075047E /* Release */,
			);
			defaultConfigurationIsVisible = 0;
			defaultConfigurationName = Release;
		};
		8A65DBE31AEEB7890075047E /* Build configuration list for PBXNativeTarget "WillTheSunExplodeTests" */ = {
			isa = XCConfigurationList;
			buildConfigurations = (
				8A65DBE41AEEB7890075047E /* Debug */,
				8A65DBE51AEEB7890075047E /* Release */,
			);
			defaultConfigurationIsVisible = 0;
			defaultConfigurationName = Release;
		};
/* End XCConfigurationList section */
	};
	rootObject = 8A65DBB51AEEB7870075047E /* Project object */;
}
